<?xml version="1.0" encoding="UTF-8" standalone="yes" ?>
<CodeBlocks_project_file>
	<FileVersion major="1" minor="6" />
	<Project>
		<Option title="Source code" />
		<Option pch_mode="2" />
		<Option compiler="microsoft_visual_c_60" />
		<Build>
			<Target title="Win32 Release">
				<Option output="Camera" prefix_auto="1" extension_auto="1" />
				<Option object_output="D:/00_IP/SpmDev/Camera4/Project/CodeBlocks/.objs" />
				<Option type="1" />
				<Option compiler="microsoft_visual_c_60" />
				<Compiler>
					<Add option="/Og" />
					<Add option="/Ox" />
					<Add option="/DNDEBUG" />
				</Compiler>
			</Target>
		</Build>
		<Compiler>
			<Add option="/W3" />
		</Compiler>
		<Unit filename="../../.gitignore" />
		<Unit filename="../../LICENSE" />
		<Unit filename="../../README.md" />
		<Unit filename="../../arduino/MoonPhaseCalendar/MoonPhaseCalendar.ino" />
		<Unit filename="../../test/arduino.hpp" />
		<Unit filename="../../test/lest.hpp" />
		<Unit filename="../../test/t.bat" />
		<Unit filename="../../test/test.cpp" />
		<Extensions>
			<code_completion />
			<envvars />
			<debugger />
			<lib_finder disable_auto="1" />
		</Extensions>
	</Project>
</CodeBlocks_project_file>
